
Microsoft Visual Studio Solution File, Format Version 12.00
# Visual Studio Version 16
VisualStudioVersion = 16.0.32602.291
MinimumVisualStudioVersion = 10.0.40219.1
Project("{FAE04EC0-301F-11D3-BF4B-00C04F79EFBC}") = "NetApp", "NetApp\NetApp.csproj", "{959105C6-A12E-48B3-979C-FA7540F99428}"
EndProject
Global
	GlobalSection(SolutionConfigurationPlatforms) = preSolution
		Debug|Any CPU = Debug|Any CPU
		Release|Any CPU = Release|Any CPU
	EndGlobalSection
	GlobalSection(ProjectConfigurationPlatforms) = postSolution
		{959105C6-A12E-48B3-979C-FA7540F99428}.Debug|Any CPU.ActiveCfg = Debug|Any CPU
		{959105C6-A12E-48B3-979C-FA7540F99428}.Debug|Any CPU.Build.0 = Debug|Any CPU
		{959105C6-A12E-48B3-979C-FA7540F99428}.Release|Any CPU.ActiveCfg = Release|Any CPU
		{959105C6-A12E-48B3-979C-FA7540F99428}.Release|Any CPU.Build.0 = Release|Any CPU
	EndGlobalSection
	GlobalSection(SolutionProperties) = preSolution
		HideSolutionNode = FALSE
	EndGlobalSection
	GlobalSection(ExtensibilityGlobals) = postSolution
		SolutionGuid = {E73000D5-792E-4281-B2F4-356EA0171D14}
	EndGlobalSection
EndGlobal
